
Microsoft Visual Studio Solution File, Format Version 12.00
# Visual Studio Version 17
VisualStudioVersion = 17.0.31903.59
MinimumVisualStudioVersion = 10.0.40219.1
Project("{FAE04EC0-301F-11D3-BF4B-00C04F79EFBC}") = "TecNM.Practica1.Core", "TecNM.Practica1.Core\TecNM.Practica1.Core.csproj", "{8713DE45-1767-4F03-98AD-44A73343433A}"
EndProject
Project("{FAE04EC0-301F-11D3-BF4B-00C04F79EFBC}") = "TecNM.Practica1.App", "TecNM.Practica1.App\TecNM.Practica1.App.csproj", "{74F3405F-DB2B-4A6F-B82E-4FDC8E309E15}"
EndProject
Global
	GlobalSection(SolutionConfigurationPlatforms) = preSolution
		Debug|Any CPU = Debug|Any CPU
		Release|Any CPU = Release|Any CPU
	EndGlobalSection
	GlobalSection(SolutionProperties) = preSolution
		HideSolutionNode = FALSE
	EndGlobalSection
	GlobalSection(ProjectConfigurationPlatforms) = postSolution
		{8713DE45-1767-4F03-98AD-44A73343433A}.Debug|Any CPU.ActiveCfg = Debug|Any CPU
		{8713DE45-1767-4F03-98AD-44A73343433A}.Debug|Any CPU.Build.0 = Debug|Any CPU
		{8713DE45-1767-4F03-98AD-44A73343433A}.Release|Any CPU.ActiveCfg = Release|Any CPU
		{8713DE45-1767-4F03-98AD-44A73343433A}.Release|Any CPU.Build.0 = Release|Any CPU
		{74F3405F-DB2B-4A6F-B82E-4FDC8E309E15}.Debug|Any CPU.ActiveCfg = Debug|Any CPU
		{74F3405F-DB2B-4A6F-B82E-4FDC8E309E15}.Debug|Any CPU.Build.0 = Debug|Any CPU
		{74F3405F-DB2B-4A6F-B82E-4FDC8E309E15}.Release|Any CPU.ActiveCfg = Release|Any CPU
		{74F3405F-DB2B-4A6F-B82E-4FDC8E309E15}.Release|Any CPU.Build.0 = Release|Any CPU
	EndGlobalSection
EndGlobal
